
Microsoft Visual Studio Solution File, Format Version 12.00
# Visual Studio Version 16
VisualStudioVersion = 16.0.29306.81
MinimumVisualStudioVersion = 10.0.40219.1
Project("{FAE04EC0-301F-11D3-BF4B-00C04F79EFBC}") = "gpaCalculator_AttaUllahKhan", "gpaCalculator_AttaUllahKhan\gpaCalculator_AttaUllahKhan.csproj", "{1585CBA6-AB58-4394-A7CA-30FC94219F1B}"
EndProject
Global
	GlobalSection(SolutionConfigurationPlatforms) = preSolution
		Debug|Any CPU = Debug|Any CPU
		Release|Any CPU = Release|Any CPU
	EndGlobalSection
	GlobalSection(ProjectConfigurationPlatforms) = postSolution
		{1585CBA6-AB58-4394-A7CA-30FC94219F1B}.Debug|Any CPU.ActiveCfg = Debug|Any CPU
		{1585CBA6-AB58-4394-A7CA-30FC94219F1B}.Debug|Any CPU.Build.0 = Debug|Any CPU
		{1585CBA6-AB58-4394-A7CA-30FC94219F1B}.Release|Any CPU.ActiveCfg = Release|Any CPU
		{1585CBA6-AB58-4394-A7CA-30FC94219F1B}.Release|Any CPU.Build.0 = Release|Any CPU
	EndGlobalSection
	GlobalSection(SolutionProperties) = preSolution
		HideSolutionNode = FALSE
	EndGlobalSection
	GlobalSection(ExtensibilityGlobals) = postSolution
		SolutionGuid = {C7A65D30-9E91-45D8-AFBB-F82122316593}
	EndGlobalSection
EndGlobal
